
Microsoft Visual Studio Solution File, Format Version 12.00
# Visual Studio Version 16
VisualStudioVersion = 16.0.32510.428
MinimumVisualStudioVersion = 10.0.40219.1
Project("{FAE04EC0-301F-11D3-BF4B-00C04F79EFBC}") = "TestApplication.UWP", "TestApplication.UWP\TestApplication.UWP.csproj", "{25EE222D-4923-4721-82C9-5E27504384BB}"
EndProject
Project("{FAE04EC0-301F-11D3-BF4B-00C04F79EFBC}") = "TestApplication.Android", "TestApplication.Android\TestApplication.Android.csproj", "{E57E7EFB-93A0-4F90-8589-4C38E9DEED02}"
EndProject
Project("{FAE04EC0-301F-11D3-BF4B-00C04F79EFBC}") = "TestApplication.iOS", "TestApplication.iOS\TestApplication.iOS.csproj", "{3C66F1F5-BB25-4863-B821-D0F2BDA15EFE}"
EndProject
Project("{FAE04EC0-301F-11D3-BF4B-00C04F79EFBC}") = "TestApplication", "TestApplication\TestApplication.csproj", "{CD03A70B-9314-4D31-B951-F3ECC22EF35F}"
EndProject
Global
	GlobalSection(SolutionConfigurationPlatforms) = preSolution
		Debug|Any CPU = Debug|Any CPU
		Debug|ARM = Debug|ARM
		Debug|iPhone = Debug|iPhone
		Debug|iPhoneSimulator = Debug|iPhoneSimulator
		Debug|x64 = Debug|x64
		Debug|x86 = Debug|x86
		Release|Any CPU = Release|Any CPU
		Release|ARM = Release|ARM
		Release|iPhone = Release|iPhone
		Release|iPhoneSimulator = Release|iPhoneSimulator
		Release|x64 = Release|x64
		Release|x86 = Release|x86
	EndGlobalSection
	GlobalSection(ProjectConfigurationPlatforms) = postSolution
		{25EE222D-4923-4721-82C9-5E27504384BB}.Debug|Any CPU.ActiveCfg = Debug|x86
		{25EE222D-4923-4721-82C9-5E27504384BB}.Debug|Any CPU.Build.0 = Debug|x86
		{25EE222D-4923-4721-82C9-5E27504384BB}.Debug|Any CPU.Deploy.0 = Debug|x86
		{25EE222D-4923-4721-82C9-5E27504384BB}.Debug|ARM.ActiveCfg = Debug|ARM
		{25EE222D-4923-4721-82C9-5E27504384BB}.Debug|ARM.Build.0 = Debug|ARM
		{25EE222D-4923-4721-82C9-5E27504384BB}.Debug|ARM.Deploy.0 = Debug|ARM
		{25EE222D-4923-4721-82C9-5E27504384BB}.Debug|iPhone.ActiveCfg = Debug|x86
		{25EE222D-4923-4721-82C9-5E27504384BB}.Debug|iPhone.Build.0 = Debug|x86
		{25EE222D-4923-4721-82C9-5E27504384BB}.Debug|iPhone.Deploy.0 = Debug|x86
		{25EE222D-4923-4721-82C9-5E27504384BB}.Debug|iPhoneSimulator.ActiveCfg = Debug|x86
		{25EE222D-4923-4721-82C9-5E27504384BB}.Debug|iPhoneSimulator.Build.0 = Debug|x86
		{25EE222D-4923-4721-82C9-5E27504384BB}.Debug|iPhoneSimulator.Deploy.0 = Debug|x86
		{25EE222D-4923-4721-82C9-5E27504384BB}.Debug|x64.ActiveCfg = Debug|x64
		{25EE222D-4923-4721-82C9-5E27504384BB}.Debug|x64.Build.0 = Debug|x64
		{25EE222D-4923-4721-82C9-5E27504384BB}.Debug|x64.Deploy.0 = Debug|x64
		{25EE222D-4923-4721-82C9-5E27504384BB}.Debug|x86.ActiveCfg = Debug|x86
		{25EE222D-4923-4721-82C9-5E27504384BB}.Debug|x86.Build.0 = Debug|x86
		{25EE222D-4923-4721-82C9-5E27504384BB}.Debug|x86.Deploy.0 = Debug|x86
		{25EE222D-4923-4721-82C9-5E27504384BB}.Release|Any CPU.ActiveCfg = Release|x86
		{25EE222D-4923-4721-82C9-5E27504384BB}.Release|Any CPU.Build.0 = Release|x86
		{25EE222D-4923-4721-82C9-5E27504384BB}.Release|Any CPU.Deploy.0 = Release|x86
		{25EE222D-4923-4721-82C9-5E27504384BB}.Release|ARM.ActiveCfg = Release|ARM
		{25EE222D-4923-4721-82C9-5E27504384BB}.Release|ARM.Build.0 = Release|ARM
		{25EE222D-4923-4721-82C9-5E27504384BB}.Release|ARM.Deploy.0 = Release|ARM
		{25EE222D-4923-4721-82C9-5E27504384BB}.Release|iPhone.ActiveCfg = Release|x86
		{25EE222D-4923-4721-82C9-5E27504384BB}.Release|iPhone.Build.0 = Release|x86
		{25EE222D-4923-4721-82C9-5E27504384BB}.Release|iPhone.Deploy.0 = Release|x86
		{25EE222D-4923-4721-82C9-5E27504384BB}.Release|iPhoneSimulator.ActiveCfg = Release|x86
		{25EE222D-4923-4721-82C9-5E27504384BB}.Release|iPhoneSimulator.Build.0 = Release|x86
		{25EE222D-4923-4721-82C9-5E27504384BB}.Release|iPhoneSimulator.Deploy.0 = Release|x86
		{25EE222D-4923-4721-82C9-5E27504384BB}.Release|x64.ActiveCfg = Release|x64
		{25EE222D-4923-4721-82C9-5E27504384BB}.Release|x64.Build.0 = Release|x64
		{25EE222D-4923-4721-82C9-5E27504384BB}.Release|x64.Deploy.0 = Release|x64
		{25EE222D-4923-4721-82C9-5E27504384BB}.Release|x86.ActiveCfg = Release|x86
		{25EE222D-4923-4721-82C9-5E27504384BB}.Release|x86.Build.0 = Release|x86
		{25EE222D-4923-4721-82C9-5E27504384BB}.Release|x86.Deploy.0 = Release|x86
		{E57E7EFB-93A0-4F90-8589-4C38E9DEED02}.Debug|Any CPU.ActiveCfg = Debug|Any CPU
		{E57E7EFB-93A0-4F90-8589-4C38E9DEED02}.Debug|Any CPU.Build.0 = Debug|Any CPU
		{E57E7EFB-93A0-4F90-8589-4C38E9DEED02}.Debug|Any CPU.Deploy.0 = Debug|Any CPU
		{E57E7EFB-93A0-4F90-8589-4C38E9DEED02}.Debug|ARM.ActiveCfg = Debug|Any CPU
		{E57E7EFB-93A0-4F90-8589-4C38E9DEED02}.Debug|ARM.Build.0 = Debug|Any CPU
		{E57E7EFB-93A0-4F90-8589-4C38E9DEED02}.Debug|ARM.Deploy.0 = Debug|Any CPU
		{E57E7EFB-93A0-4F90-8589-4C38E9DEED02}.Debug|iPhone.ActiveCfg = Debug|Any CPU
		{E57E7EFB-93A0-4F90-8589-4C38E9DEED02}.Debug|iPhone.Build.0 = Debug|Any CPU
		{E57E7EFB-93A0-4F90-8589-4C38E9DEED02}.Debug|iPhone.Deploy.0 = Debug|Any CPU
		{E57E7EFB-93A0-4F90-8589-4C38E9DEED02}.Debug|iPhoneSimulator.ActiveCfg = Debug|Any CPU
		{E57E7EFB-93A0-4F90-8589-4C38E9DEED02}.Debug|iPhoneSimulator.Build.0 = Debug|Any CPU
		{E57E7EFB-93A0-4F90-8589-4C38E9DEED02}.Debug|iPhoneSimulator.Deploy.0 = Debug|Any CPU
		{E57E7EFB-93A0-4F90-8589-4C38E9DEED02}.Debug|x64.ActiveCfg = Debug|Any CPU
		{E57E7EFB-93A0-4F90-8589-4C38E9DEED02}.Debug|x64.Build.0 = Debug|Any CPU
		{E57E7EFB-93A0-4F90-8589-4C38E9DEED02}.Debug|x64.Deploy.0 = Debug|Any CPU
		{E57E7EFB-93A0-4F90-8589-4C38E9DEED02}.Debug|x86.ActiveCfg = Debug|Any CPU
		{E57E7EFB-93A0-4F90-8589-4C38E9DEED02}.Debug|x86.Build.0 = Debug|Any CPU
		{E57E7EFB-93A0-4F90-8589-4C38E9DEED02}.Debug|x86.Deploy.0 = Debug|Any CPU
		{E57E7EFB-93A0-4F90-8589-4C38E9DEED02}.Release|Any CPU.ActiveCfg = Release|Any CPU
		{E57E7EFB-93A0-4F90-8589-4C38E9DEED02}.Release|Any CPU.Build.0 = Release|Any CPU
		{E57E7EFB-93A0-4F90-8589-4C38E9DEED02}.Release|Any CPU.Deploy.0 = Release|Any CPU
		{E57E7EFB-93A0-4F90-8589-4C38E9DEED02}.Release|ARM.ActiveCfg = Release|Any CPU
		{E57E7EFB-93A0-4F90-8589-4C38E9DEED02}.Release|ARM.Build.0 = Release|Any CPU
		{E57E7EFB-93A0-4F90-8589-4C38E9DEED02}.Release|ARM.Deploy.0 = Release|Any CPU
		{E57E7EFB-93A0-4F90-8589-4C38E9DEED02}.Release|iPhone.ActiveCfg = Release|Any CPU
		{E57E7EFB-93A0-4F90-8589-4C38E9DEED02}.Release|iPhone.Build.0 = Release|Any CPU
		{E57E7EFB-93A0-4F90-8589-4C38E9DEED02}.Release|iPhone.Deploy.0 = Release|Any CPU
		{E57E7EFB-93A0-4F90-8589-4C38E9DEED02}.Release|iPhoneSimulator.ActiveCfg = Release|Any CPU
		{E57E7EFB-93A0-4F90-8589-4C38E9DEED02}.Release|iPhoneSimulator.Build.0 = Release|Any CPU
		{E57E7EFB-93A0-4F90-8589-4C38E9DEED02}.Release|iPhoneSimulator.Deploy.0 = Release|Any CPU
		{E57E7EFB-93A0-4F90-8589-4C38E9DEED02}.Release|x64.ActiveCfg = Release|Any CPU
		{E57E7EFB-93A0-4F90-8589-4C38E9DEED02}.Release|x64.Build.0 = Release|Any CPU
		{E57E7EFB-93A0-4F90-8589-4C38E9DEED02}.Release|x64.Deploy.0 = Release|Any CPU
		{E57E7EFB-93A0-4F90-8589-4C38E9DEED02}.Release|x86.ActiveCfg = Release|Any CPU
		{E57E7EFB-93A0-4F90-8589-4C38E9DEED02}.Release|x86.Build.0 = Release|Any CPU
		{E57E7EFB-93A0-4F90-8589-4C38E9DEED02}.Release|x86.Deploy.0 = Release|Any CPU
		{3C66F1F5-BB25-4863-B821-D0F2BDA15EFE}.Debug|Any CPU.ActiveCfg = Debug|iPhoneSimulator
		{3C66F1F5-BB25-4863-B821-D0F2BDA15EFE}.Debug|Any CPU.Build.0 = Debug|iPhoneSimulator
		{3C66F1F5-BB25-4863-B821-D0F2BDA15EFE}.Debug|Any CPU.Deploy.0 = Debug|iPhoneSimulator
		{3C66F1F5-BB25-4863-B821-D0F2BDA15EFE}.Debug|ARM.ActiveCfg = Debug|iPhone
		{3C66F1F5-BB25-4863-B821-D0F2BDA15EFE}.Debug|ARM.Build.0 = Debug|iPhone
		{3C66F1F5-BB25-4863-B821-D0F2BDA15EFE}.Debug|ARM.Deploy.0 = Debug|iPhone
		{3C66F1F5-BB25-4863-B821-D0F2BDA15EFE}.Debug|iPhone.ActiveCfg = Debug|iPhone
		{3C66F1F5-BB25-4863-B821-D0F2BDA15EFE}.Debug|iPhone.Build.0 = Debug|iPhone
		{3C66F1F5-BB25-4863-B821-D0F2BDA15EFE}.Debug|iPhone.Deploy.0 = Debug|iPhone
		{3C66F1F5-BB25-4863-B821-D0F2BDA15EFE}.Debug|iPhoneSimulator.ActiveCfg = Debug|iPhoneSimulator
		{3C66F1F5-BB25-4863-B821-D0F2BDA15EFE}.Debug|iPhoneSimulator.Build.0 = Debug|iPhoneSimulator
		{3C66F1F5-BB25-4863-B821-D0F2BDA15EFE}.Debug|iPhoneSimulator.Deploy.0 = Debug|iPhoneSimulator
		{3C66F1F5-BB25-4863-B821-D0F2BDA15EFE}.Debug|x64.ActiveCfg = Debug|iPhoneSimulator
		{3C66F1F5-BB25-4863-B821-D0F2BDA15EFE}.Debug|x64.Build.0 = Debug|iPhoneSimulator
		{3C66F1F5-BB25-4863-B821-D0F2BDA15EFE}.Debug|x64.Deploy.0 = Debug|iPhoneSimulator
		{3C66F1F5-BB25-4863-B821-D0F2BDA15EFE}.Debug|x86.ActiveCfg = Debug|iPhoneSimulator
		{3C66F1F5-BB25-4863-B821-D0F2BDA15EFE}.Debug|x86.Build.0 = Debug|iPhoneSimulator
		{3C66F1F5-BB25-4863-B821-D0F2BDA15EFE}.Debug|x86.Deploy.0 = Debug|iPhoneSimulator
		{3C66F1F5-BB25-4863-B821-D0F2BDA15EFE}.Release|Any CPU.ActiveCfg = Release|iPhoneSimulator
		{3C66F1F5-BB25-4863-B821-D0F2BDA15EFE}.Release|Any CPU.Build.0 = Release|iPhoneSimulator
		{3C66F1F5-BB25-4863-B821-D0F2BDA15EFE}.Release|Any CPU.Deploy.0 = Release|iPhoneSimulator
		{3C66F1F5-BB25-4863-B821-D0F2BDA15EFE}.Release|ARM.ActiveCfg = Release|iPhoneSimulator
		{3C66F1F5-BB25-4863-B821-D0F2BDA15EFE}.Release|ARM.Build.0 = Release|iPhoneSimulator
		{3C66F1F5-BB25-4863-B821-D0F2BDA15EFE}.Release|ARM.Deploy.0 = Release|iPhoneSimulator
		{3C66F1F5-BB25-4863-B821-D0F2BDA15EFE}.Release|iPhone.ActiveCfg = Release|iPhone
		{3C66F1F5-BB25-4863-B821-D0F2BDA15EFE}.Release|iPhone.Build.0 = Release|iPhone
		{3C66F1F5-BB25-4863-B821-D0F2BDA15EFE}.Release|iPhone.Deploy.0 = Release|iPhone
		{3C66F1F5-BB25-4863-B821-D0F2BDA15EFE}.Release|iPhoneSimulator.ActiveCfg = Release|iPhoneSimulator
		{3C66F1F5-BB25-4863-B821-D0F2BDA15EFE}.Release|iPhoneSimulator.Build.0 = Release|iPhoneSimulator
		{3C66F1F5-BB25-4863-B821-D0F2BDA15EFE}.Release|iPhoneSimulator.Deploy.0 = Release|iPhoneSimulator
		{3C66F1F5-BB25-4863-B821-D0F2BDA15EFE}.Release|x64.ActiveCfg = Release|iPhoneSimulator
		{3C66F1F5-BB25-4863-B821-D0F2BDA15EFE}.Release|x64.Build.0 = Release|iPhoneSimulator
		{3C66F1F5-BB25-4863-B821-D0F2BDA15EFE}.Release|x64.Deploy.0 = Release|iPhoneSimulator
		{3C66F1F5-BB25-4863-B821-D0F2BDA15EFE}.Release|x86.ActiveCfg = Release|iPhoneSimulator
		{3C66F1F5-BB25-4863-B821-D0F2BDA15EFE}.Release|x86.Build.0 = Release|iPhoneSimulator
		{3C66F1F5-BB25-4863-B821-D0F2BDA15EFE}.Release|x86.Deploy.0 = Release|iPhoneSimulator
		{CD03A70B-9314-4D31-B951-F3ECC22EF35F}.Debug|Any CPU.ActiveCfg = Debug|Any CPU
		{CD03A70B-9314-4D31-B951-F3ECC22EF35F}.Debug|Any CPU.Build.0 = Debug|Any CPU
		{CD03A70B-9314-4D31-B951-F3ECC22EF35F}.Debug|Any CPU.Deploy.0 = Debug|Any CPU
		{CD03A70B-9314-4D31-B951-F3ECC22EF35F}.Debug|ARM.ActiveCfg = Debug|Any CPU
		{CD03A70B-9314-4D31-B951-F3ECC22EF35F}.Debug|ARM.Build.0 = Debug|Any CPU
		{CD03A70B-9314-4D31-B951-F3ECC22EF35F}.Debug|ARM.Deploy.0 = Debug|Any CPU
		{CD03A70B-9314-4D31-B951-F3ECC22EF35F}.Debug|iPhone.ActiveCfg = Debug|Any CPU
		{CD03A70B-9314-4D31-B951-F3ECC22EF35F}.Debug|iPhone.Build.0 = Debug|Any CPU
		{CD03A70B-9314-4D31-B951-F3ECC22EF35F}.Debug|iPhone.Deploy.0 = Debug|Any CPU
		{CD03A70B-9314-4D31-B951-F3ECC22EF35F}.Debug|iPhoneSimulator.ActiveCfg = Debug|Any CPU
		{CD03A70B-9314-4D31-B951-F3ECC22EF35F}.Debug|iPhoneSimulator.Build.0 = Debug|Any CPU
		{CD03A70B-9314-4D31-B951-F3ECC22EF35F}.Debug|iPhoneSimulator.Deploy.0 = Debug|Any CPU
		{CD03A70B-9314-4D31-B951-F3ECC22EF35F}.Debug|x64.ActiveCfg = Debug|Any CPU
		{CD03A70B-9314-4D31-B951-F3ECC22EF35F}.Debug|x64.Build.0 = Debug|Any CPU
		{CD03A70B-9314-4D31-B951-F3ECC22EF35F}.Debug|x64.Deploy.0 = Debug|Any CPU
		{CD03A70B-9314-4D31-B951-F3ECC22EF35F}.Debug|x86.ActiveCfg = Debug|Any CPU
		{CD03A70B-9314-4D31-B951-F3ECC22EF35F}.Debug|x86.Build.0 = Debug|Any CPU
		{CD03A70B-9314-4D31-B951-F3ECC22EF35F}.Debug|x86.Deploy.0 = Debug|Any CPU
		{CD03A70B-9314-4D31-B951-F3ECC22EF35F}.Release|Any CPU.ActiveCfg = Release|Any CPU
		{CD03A70B-9314-4D31-B951-F3ECC22EF35F}.Release|Any CPU.Build.0 = Release|Any CPU
		{CD03A70B-9314-4D31-B951-F3ECC22EF35F}.Release|Any CPU.Deploy.0 = Release|Any CPU
		{CD03A70B-9314-4D31-B951-F3ECC22EF35F}.Release|ARM.ActiveCfg = Release|Any CPU
		{CD03A70B-9314-4D31-B951-F3ECC22EF35F}.Release|ARM.Build.0 = Release|Any CPU
		{CD03A70B-9314-4D31-B951-F3ECC22EF35F}.Release|ARM.Deploy.0 = Release|Any CPU
		{CD03A70B-9314-4D31-B951-F3ECC22EF35F}.Release|iPhone.ActiveCfg = Release|Any CPU
		{CD03A70B-9314-4D31-B951-F3ECC22EF35F}.Release|iPhone.Build.0 = Release|Any CPU
		{CD03A70B-9314-4D31-B951-F3ECC22EF35F}.Release|iPhone.Deploy.0 = Release|Any CPU
		{CD03A70B-9314-4D31-B951-F3ECC22EF35F}.Release|iPhoneSimulator.ActiveCfg = Release|Any CPU
		{CD03A70B-9314-4D31-B951-F3ECC22EF35F}.Release|iPhoneSimulator.Build.0 = Release|Any CPU
		{CD03A70B-9314-4D31-B951-F3ECC22EF35F}.Release|iPhoneSimulator.Deploy.0 = Release|Any CPU
		{CD03A70B-9314-4D31-B951-F3ECC22EF35F}.Release|x64.ActiveCfg = Release|Any CPU
		{CD03A70B-9314-4D31-B951-F3ECC22EF35F}.Release|x64.Build.0 = Release|Any CPU
		{CD03A70B-9314-4D31-B951-F3ECC22EF35F}.Release|x64.Deploy.0 = Release|Any CPU
		{CD03A70B-9314-4D31-B951-F3ECC22EF35F}.Release|x86.ActiveCfg = Release|Any CPU
		{CD03A70B-9314-4D31-B951-F3ECC22EF35F}.Release|x86.Build.0 = Release|Any CPU
		{CD03A70B-9314-4D31-B951-F3ECC22EF35F}.Release|x86.Deploy.0 = Release|Any CPU
	EndGlobalSection
	GlobalSection(SolutionProperties) = preSolution
		HideSolutionNode = FALSE
	EndGlobalSection
	GlobalSection(ExtensibilityGlobals) = postSolution
		SolutionGuid = {6C076CC1-8285-47DB-8598-E525E64044A6}
	EndGlobalSection
EndGlobal
